
Microsoft Visual Studio Solution File, Format Version 12.00
# Visual Studio Version 17
VisualStudioVersion = 17.11.35327.3
MinimumVisualStudioVersion = 10.0.40219.1
Project("{FAE04EC0-301F-11D3-BF4B-00C04F79EFBC}") = "Labb 3 Information system i ASP.Net", "Labb 3 Information system i ASP.Net\Labb 3 Information system i ASP.Net.csproj", "{DC7F30CB-0CD8-40CC-8AE1-06B529F3CD9F}"
EndProject
Global
	GlobalSection(SolutionConfigurationPlatforms) = preSolution
		Debug|Any CPU = Debug|Any CPU
		Release|Any CPU = Release|Any CPU
	EndGlobalSection
	GlobalSection(ProjectConfigurationPlatforms) = postSolution
		{DC7F30CB-0CD8-40CC-8AE1-06B529F3CD9F}.Debug|Any CPU.ActiveCfg = Debug|Any CPU
		{DC7F30CB-0CD8-40CC-8AE1-06B529F3CD9F}.Debug|Any CPU.Build.0 = Debug|Any CPU
		{DC7F30CB-0CD8-40CC-8AE1-06B529F3CD9F}.Release|Any CPU.ActiveCfg = Release|Any CPU
		{DC7F30CB-0CD8-40CC-8AE1-06B529F3CD9F}.Release|Any CPU.Build.0 = Release|Any CPU
	EndGlobalSection
	GlobalSection(SolutionProperties) = preSolution
		HideSolutionNode = FALSE
	EndGlobalSection
	GlobalSection(ExtensibilityGlobals) = postSolution
		SolutionGuid = {FECB561A-B513-40A3-BBEC-2C8925082DDD}
	EndGlobalSection
EndGlobal
